
Microsoft Visual Studio Solution File, Format Version 12.00
# Visual Studio Version 17
VisualStudioVersion = 17.2.32630.192
MinimumVisualStudioVersion = 10.0.40219.1
Project("{9A19103F-16F7-4668-BE54-9A1E7A4F7556}") = "TodoApi", "TodoApi\TodoApi.csproj", "{BA38D176-C3DE-49B6-B33D-5230A3375E70}"
EndProject
Project("{FAE04EC0-301F-11D3-BF4B-00C04F79EFBC}") = "TodoApi.Tests", "TodoApi.Tests\TodoApi.Tests.csproj", "{F748BFA9-BCD6-44A4-9676-E0877CFBCBCC}"
EndProject
Global
	GlobalSection(SolutionConfigurationPlatforms) = preSolution
		Debug|Any CPU = Debug|Any CPU
		Release|Any CPU = Release|Any CPU
	EndGlobalSection
	GlobalSection(ProjectConfigurationPlatforms) = postSolution
		{BA38D176-C3DE-49B6-B33D-5230A3375E70}.Debug|Any CPU.ActiveCfg = Debug|Any CPU
		{BA38D176-C3DE-49B6-B33D-5230A3375E70}.Debug|Any CPU.Build.0 = Debug|Any CPU
		{BA38D176-C3DE-49B6-B33D-5230A3375E70}.Release|Any CPU.ActiveCfg = Release|Any CPU
		{BA38D176-C3DE-49B6-B33D-5230A3375E70}.Release|Any CPU.Build.0 = Release|Any CPU
		{F748BFA9-BCD6-44A4-9676-E0877CFBCBCC}.Debug|Any CPU.ActiveCfg = Debug|Any CPU
		{F748BFA9-BCD6-44A4-9676-E0877CFBCBCC}.Debug|Any CPU.Build.0 = Debug|Any CPU
		{F748BFA9-BCD6-44A4-9676-E0877CFBCBCC}.Release|Any CPU.ActiveCfg = Release|Any CPU
		{F748BFA9-BCD6-44A4-9676-E0877CFBCBCC}.Release|Any CPU.Build.0 = Release|Any CPU
	EndGlobalSection
	GlobalSection(SolutionProperties) = preSolution
		HideSolutionNode = FALSE
	EndGlobalSection
	GlobalSection(ExtensibilityGlobals) = postSolution
		SolutionGuid = {04936010-D995-4E5D-BEFF-5749821C2763}
	EndGlobalSection
EndGlobal
